
Microsoft Visual Studio Solution File, Format Version 12.00
# Visual Studio 15
VisualStudioVersion = 15.0.26124.0
MinimumVisualStudioVersion = 15.0.26124.0
Project("{FAE04EC0-301F-11D3-BF4B-00C04F79EFBC}") = "IDDQD", "IDDQD_UI\IDDQD.csproj", "{E8288B93-C959-4B44-AB78-C5D5AAFE3B0B}"
EndProject
Project("{FAE04EC0-301F-11D3-BF4B-00C04F79EFBC}") = "IDDQD_Data", "IDDQD_Data\IDDQD_Data.csproj", "{B09D9691-9C72-4814-84D6-1B9F99444993}"
EndProject
Project("{FAE04EC0-301F-11D3-BF4B-00C04F79EFBC}") = "IDDQD_Repo", "IDDQD_Repo\IDDQD_Repo.csproj", "{E36CDFB2-528A-4AC1-9547-03DCF3423F5D}"
EndProject
Global
	GlobalSection(SolutionConfigurationPlatforms) = preSolution
		Debug|Any CPU = Debug|Any CPU
		Debug|x64 = Debug|x64
		Debug|x86 = Debug|x86
		Release|Any CPU = Release|Any CPU
		Release|x64 = Release|x64
		Release|x86 = Release|x86
	EndGlobalSection
	GlobalSection(SolutionProperties) = preSolution
		HideSolutionNode = FALSE
	EndGlobalSection
	GlobalSection(ProjectConfigurationPlatforms) = postSolution
		{E8288B93-C959-4B44-AB78-C5D5AAFE3B0B}.Debug|Any CPU.ActiveCfg = Debug|Any CPU
		{E8288B93-C959-4B44-AB78-C5D5AAFE3B0B}.Debug|Any CPU.Build.0 = Debug|Any CPU
		{E8288B93-C959-4B44-AB78-C5D5AAFE3B0B}.Debug|x64.ActiveCfg = Debug|Any CPU
		{E8288B93-C959-4B44-AB78-C5D5AAFE3B0B}.Debug|x64.Build.0 = Debug|Any CPU
		{E8288B93-C959-4B44-AB78-C5D5AAFE3B0B}.Debug|x86.ActiveCfg = Debug|Any CPU
		{E8288B93-C959-4B44-AB78-C5D5AAFE3B0B}.Debug|x86.Build.0 = Debug|Any CPU
		{E8288B93-C959-4B44-AB78-C5D5AAFE3B0B}.Release|Any CPU.ActiveCfg = Release|Any CPU
		{E8288B93-C959-4B44-AB78-C5D5AAFE3B0B}.Release|Any CPU.Build.0 = Release|Any CPU
		{E8288B93-C959-4B44-AB78-C5D5AAFE3B0B}.Release|x64.ActiveCfg = Release|Any CPU
		{E8288B93-C959-4B44-AB78-C5D5AAFE3B0B}.Release|x64.Build.0 = Release|Any CPU
		{E8288B93-C959-4B44-AB78-C5D5AAFE3B0B}.Release|x86.ActiveCfg = Release|Any CPU
		{E8288B93-C959-4B44-AB78-C5D5AAFE3B0B}.Release|x86.Build.0 = Release|Any CPU
		{B09D9691-9C72-4814-84D6-1B9F99444993}.Debug|Any CPU.ActiveCfg = Debug|Any CPU
		{B09D9691-9C72-4814-84D6-1B9F99444993}.Debug|Any CPU.Build.0 = Debug|Any CPU
		{B09D9691-9C72-4814-84D6-1B9F99444993}.Debug|x64.ActiveCfg = Debug|Any CPU
		{B09D9691-9C72-4814-84D6-1B9F99444993}.Debug|x64.Build.0 = Debug|Any CPU
		{B09D9691-9C72-4814-84D6-1B9F99444993}.Debug|x86.ActiveCfg = Debug|Any CPU
		{B09D9691-9C72-4814-84D6-1B9F99444993}.Debug|x86.Build.0 = Debug|Any CPU
		{B09D9691-9C72-4814-84D6-1B9F99444993}.Release|Any CPU.ActiveCfg = Release|Any CPU
		{B09D9691-9C72-4814-84D6-1B9F99444993}.Release|Any CPU.Build.0 = Release|Any CPU
		{B09D9691-9C72-4814-84D6-1B9F99444993}.Release|x64.ActiveCfg = Release|Any CPU
		{B09D9691-9C72-4814-84D6-1B9F99444993}.Release|x64.Build.0 = Release|Any CPU
		{B09D9691-9C72-4814-84D6-1B9F99444993}.Release|x86.ActiveCfg = Release|Any CPU
		{B09D9691-9C72-4814-84D6-1B9F99444993}.Release|x86.Build.0 = Release|Any CPU
		{E36CDFB2-528A-4AC1-9547-03DCF3423F5D}.Debug|Any CPU.ActiveCfg = Debug|Any CPU
		{E36CDFB2-528A-4AC1-9547-03DCF3423F5D}.Debug|Any CPU.Build.0 = Debug|Any CPU
		{E36CDFB2-528A-4AC1-9547-03DCF3423F5D}.Debug|x64.ActiveCfg = Debug|Any CPU
		{E36CDFB2-528A-4AC1-9547-03DCF3423F5D}.Debug|x64.Build.0 = Debug|Any CPU
		{E36CDFB2-528A-4AC1-9547-03DCF3423F5D}.Debug|x86.ActiveCfg = Debug|Any CPU
		{E36CDFB2-528A-4AC1-9547-03DCF3423F5D}.Debug|x86.Build.0 = Debug|Any CPU
		{E36CDFB2-528A-4AC1-9547-03DCF3423F5D}.Release|Any CPU.ActiveCfg = Release|Any CPU
		{E36CDFB2-528A-4AC1-9547-03DCF3423F5D}.Release|Any CPU.Build.0 = Release|Any CPU
		{E36CDFB2-528A-4AC1-9547-03DCF3423F5D}.Release|x64.ActiveCfg = Release|Any CPU
		{E36CDFB2-528A-4AC1-9547-03DCF3423F5D}.Release|x64.Build.0 = Release|Any CPU
		{E36CDFB2-528A-4AC1-9547-03DCF3423F5D}.Release|x86.ActiveCfg = Release|Any CPU
		{E36CDFB2-528A-4AC1-9547-03DCF3423F5D}.Release|x86.Build.0 = Release|Any CPU
	EndGlobalSection
EndGlobal
