
Microsoft Visual Studio Solution File, Format Version 12.00
# Visual Studio 15
VisualStudioVersion = 15.0.26124.0
MinimumVisualStudioVersion = 15.0.26124.0
Project("{FAE04EC0-301F-11D3-BF4B-00C04F79EFBC}") = "MailManager", "MailManager\MailManager.csproj", "{3C34B82D-A996-414A-9472-0607BDD94329}"
EndProject
Project("{FAE04EC0-301F-11D3-BF4B-00C04F79EFBC}") = "MailManager.Test", "MailManager.Test\MailManager.Test.csproj", "{C7A6CAB7-0B4B-482E-9E7E-6F3E625BB4A9}"
EndProject
Project("{FAE04EC0-301F-11D3-BF4B-00C04F79EFBC}") = "PasswordValidator", "PasswordValidator\PasswordValidator.csproj", "{3B099F7E-653D-4892-A2F0-ADF3E37D33EA}"
EndProject
Project("{FAE04EC0-301F-11D3-BF4B-00C04F79EFBC}") = "PasswordValidator.Test", "PasswordValidator.Test\PasswordValidator.Test.csproj", "{3B3345CC-AC21-4F34-B4A1-FE2AA94626D7}"
EndProject
Global
	GlobalSection(SolutionConfigurationPlatforms) = preSolution
		Debug|Any CPU = Debug|Any CPU
		Debug|x64 = Debug|x64
		Debug|x86 = Debug|x86
		Release|Any CPU = Release|Any CPU
		Release|x64 = Release|x64
		Release|x86 = Release|x86
	EndGlobalSection
	GlobalSection(SolutionProperties) = preSolution
		HideSolutionNode = FALSE
	EndGlobalSection
	GlobalSection(ProjectConfigurationPlatforms) = postSolution
		{3C34B82D-A996-414A-9472-0607BDD94329}.Debug|Any CPU.ActiveCfg = Debug|Any CPU
		{3C34B82D-A996-414A-9472-0607BDD94329}.Debug|Any CPU.Build.0 = Debug|Any CPU
		{3C34B82D-A996-414A-9472-0607BDD94329}.Debug|x64.ActiveCfg = Debug|Any CPU
		{3C34B82D-A996-414A-9472-0607BDD94329}.Debug|x64.Build.0 = Debug|Any CPU
		{3C34B82D-A996-414A-9472-0607BDD94329}.Debug|x86.ActiveCfg = Debug|Any CPU
		{3C34B82D-A996-414A-9472-0607BDD94329}.Debug|x86.Build.0 = Debug|Any CPU
		{3C34B82D-A996-414A-9472-0607BDD94329}.Release|Any CPU.ActiveCfg = Release|Any CPU
		{3C34B82D-A996-414A-9472-0607BDD94329}.Release|Any CPU.Build.0 = Release|Any CPU
		{3C34B82D-A996-414A-9472-0607BDD94329}.Release|x64.ActiveCfg = Release|Any CPU
		{3C34B82D-A996-414A-9472-0607BDD94329}.Release|x64.Build.0 = Release|Any CPU
		{3C34B82D-A996-414A-9472-0607BDD94329}.Release|x86.ActiveCfg = Release|Any CPU
		{3C34B82D-A996-414A-9472-0607BDD94329}.Release|x86.Build.0 = Release|Any CPU
		{C7A6CAB7-0B4B-482E-9E7E-6F3E625BB4A9}.Debug|Any CPU.ActiveCfg = Debug|Any CPU
		{C7A6CAB7-0B4B-482E-9E7E-6F3E625BB4A9}.Debug|Any CPU.Build.0 = Debug|Any CPU
		{C7A6CAB7-0B4B-482E-9E7E-6F3E625BB4A9}.Debug|x64.ActiveCfg = Debug|Any CPU
		{C7A6CAB7-0B4B-482E-9E7E-6F3E625BB4A9}.Debug|x64.Build.0 = Debug|Any CPU
		{C7A6CAB7-0B4B-482E-9E7E-6F3E625BB4A9}.Debug|x86.ActiveCfg = Debug|Any CPU
		{C7A6CAB7-0B4B-482E-9E7E-6F3E625BB4A9}.Debug|x86.Build.0 = Debug|Any CPU
		{C7A6CAB7-0B4B-482E-9E7E-6F3E625BB4A9}.Release|Any CPU.ActiveCfg = Release|Any CPU
		{C7A6CAB7-0B4B-482E-9E7E-6F3E625BB4A9}.Release|Any CPU.Build.0 = Release|Any CPU
		{C7A6CAB7-0B4B-482E-9E7E-6F3E625BB4A9}.Release|x64.ActiveCfg = Release|Any CPU
		{C7A6CAB7-0B4B-482E-9E7E-6F3E625BB4A9}.Release|x64.Build.0 = Release|Any CPU
		{C7A6CAB7-0B4B-482E-9E7E-6F3E625BB4A9}.Release|x86.ActiveCfg = Release|Any CPU
		{C7A6CAB7-0B4B-482E-9E7E-6F3E625BB4A9}.Release|x86.Build.0 = Release|Any CPU
		{3B099F7E-653D-4892-A2F0-ADF3E37D33EA}.Debug|Any CPU.ActiveCfg = Debug|Any CPU
		{3B099F7E-653D-4892-A2F0-ADF3E37D33EA}.Debug|Any CPU.Build.0 = Debug|Any CPU
		{3B099F7E-653D-4892-A2F0-ADF3E37D33EA}.Debug|x64.ActiveCfg = Debug|Any CPU
		{3B099F7E-653D-4892-A2F0-ADF3E37D33EA}.Debug|x64.Build.0 = Debug|Any CPU
		{3B099F7E-653D-4892-A2F0-ADF3E37D33EA}.Debug|x86.ActiveCfg = Debug|Any CPU
		{3B099F7E-653D-4892-A2F0-ADF3E37D33EA}.Debug|x86.Build.0 = Debug|Any CPU
		{3B099F7E-653D-4892-A2F0-ADF3E37D33EA}.Release|Any CPU.ActiveCfg = Release|Any CPU
		{3B099F7E-653D-4892-A2F0-ADF3E37D33EA}.Release|Any CPU.Build.0 = Release|Any CPU
		{3B099F7E-653D-4892-A2F0-ADF3E37D33EA}.Release|x64.ActiveCfg = Release|Any CPU
		{3B099F7E-653D-4892-A2F0-ADF3E37D33EA}.Release|x64.Build.0 = Release|Any CPU
		{3B099F7E-653D-4892-A2F0-ADF3E37D33EA}.Release|x86.ActiveCfg = Release|Any CPU
		{3B099F7E-653D-4892-A2F0-ADF3E37D33EA}.Release|x86.Build.0 = Release|Any CPU
		{3B3345CC-AC21-4F34-B4A1-FE2AA94626D7}.Debug|Any CPU.ActiveCfg = Debug|Any CPU
		{3B3345CC-AC21-4F34-B4A1-FE2AA94626D7}.Debug|Any CPU.Build.0 = Debug|Any CPU
		{3B3345CC-AC21-4F34-B4A1-FE2AA94626D7}.Debug|x64.ActiveCfg = Debug|Any CPU
		{3B3345CC-AC21-4F34-B4A1-FE2AA94626D7}.Debug|x64.Build.0 = Debug|Any CPU
		{3B3345CC-AC21-4F34-B4A1-FE2AA94626D7}.Debug|x86.ActiveCfg = Debug|Any CPU
		{3B3345CC-AC21-4F34-B4A1-FE2AA94626D7}.Debug|x86.Build.0 = Debug|Any CPU
		{3B3345CC-AC21-4F34-B4A1-FE2AA94626D7}.Release|Any CPU.ActiveCfg = Release|Any CPU
		{3B3345CC-AC21-4F34-B4A1-FE2AA94626D7}.Release|Any CPU.Build.0 = Release|Any CPU
		{3B3345CC-AC21-4F34-B4A1-FE2AA94626D7}.Release|x64.ActiveCfg = Release|Any CPU
		{3B3345CC-AC21-4F34-B4A1-FE2AA94626D7}.Release|x64.Build.0 = Release|Any CPU
		{3B3345CC-AC21-4F34-B4A1-FE2AA94626D7}.Release|x86.ActiveCfg = Release|Any CPU
		{3B3345CC-AC21-4F34-B4A1-FE2AA94626D7}.Release|x86.Build.0 = Release|Any CPU
	EndGlobalSection
EndGlobal
